
Microsoft Visual Studio Solution File, Format Version 12.00
# Visual Studio Version 16
VisualStudioVersion = 16.0.31205.134
MinimumVisualStudioVersion = 10.0.40219.1
Project("{9A19103F-16F7-4668-BE54-9A1E7A4F7556}") = "ChatApplication.API", "ChatApplication.API\ChatApplication.API.csproj", "{8291C701-B026-49BC-8DC9-50E2BD73022C}"
EndProject
Project("{9A19103F-16F7-4668-BE54-9A1E7A4F7556}") = "ChatApplication.Manager", "ChatApplication.Manager\ChatApplication.Manager.csproj", "{5D8B81EF-7534-4F52-A1EA-BF6924FC4878}"
EndProject
Project("{9A19103F-16F7-4668-BE54-9A1E7A4F7556}") = "ChatApplication.Data", "ChatApplication.Data\ChatApplication.Data.csproj", "{80EFDDFB-D515-4188-83CD-E7CF0EB847E2}"
EndProject
Project("{9A19103F-16F7-4668-BE54-9A1E7A4F7556}") = "ChatApplication.Entities", "ChatApplication.Entities\ChatApplication.Entities.csproj", "{7A47A985-1078-4621-9A3A-E61CFF8ED120}"
EndProject
Global
	GlobalSection(SolutionConfigurationPlatforms) = preSolution
		Debug|Any CPU = Debug|Any CPU
		Release|Any CPU = Release|Any CPU
	EndGlobalSection
	GlobalSection(ProjectConfigurationPlatforms) = postSolution
		{8291C701-B026-49BC-8DC9-50E2BD73022C}.Debug|Any CPU.ActiveCfg = Debug|Any CPU
		{8291C701-B026-49BC-8DC9-50E2BD73022C}.Debug|Any CPU.Build.0 = Debug|Any CPU
		{8291C701-B026-49BC-8DC9-50E2BD73022C}.Release|Any CPU.ActiveCfg = Release|Any CPU
		{8291C701-B026-49BC-8DC9-50E2BD73022C}.Release|Any CPU.Build.0 = Release|Any CPU
		{5D8B81EF-7534-4F52-A1EA-BF6924FC4878}.Debug|Any CPU.ActiveCfg = Debug|Any CPU
		{5D8B81EF-7534-4F52-A1EA-BF6924FC4878}.Debug|Any CPU.Build.0 = Debug|Any CPU
		{5D8B81EF-7534-4F52-A1EA-BF6924FC4878}.Release|Any CPU.ActiveCfg = Release|Any CPU
		{5D8B81EF-7534-4F52-A1EA-BF6924FC4878}.Release|Any CPU.Build.0 = Release|Any CPU
		{80EFDDFB-D515-4188-83CD-E7CF0EB847E2}.Debug|Any CPU.ActiveCfg = Debug|Any CPU
		{80EFDDFB-D515-4188-83CD-E7CF0EB847E2}.Debug|Any CPU.Build.0 = Debug|Any CPU
		{80EFDDFB-D515-4188-83CD-E7CF0EB847E2}.Release|Any CPU.ActiveCfg = Release|Any CPU
		{80EFDDFB-D515-4188-83CD-E7CF0EB847E2}.Release|Any CPU.Build.0 = Release|Any CPU
		{7A47A985-1078-4621-9A3A-E61CFF8ED120}.Debug|Any CPU.ActiveCfg = Debug|Any CPU
		{7A47A985-1078-4621-9A3A-E61CFF8ED120}.Debug|Any CPU.Build.0 = Debug|Any CPU
		{7A47A985-1078-4621-9A3A-E61CFF8ED120}.Release|Any CPU.ActiveCfg = Release|Any CPU
		{7A47A985-1078-4621-9A3A-E61CFF8ED120}.Release|Any CPU.Build.0 = Release|Any CPU
	EndGlobalSection
	GlobalSection(SolutionProperties) = preSolution
		HideSolutionNode = FALSE
	EndGlobalSection
	GlobalSection(ExtensibilityGlobals) = postSolution
		SolutionGuid = {125E4C92-77AA-4600-9A2F-F310A2CFBE09}
	EndGlobalSection
EndGlobal
